
Microsoft Visual Studio Solution File, Format Version 12.00
Project("{FAE04EC0-301F-11D3-BF4B-00C04F79EFBC}") = "Maui.iOS.FixedKeyboardKit", "Maui.iOS.FixedKeyboardKit\Maui.iOS.FixedKeyboardKit.csproj", "{B6E3F91F-F800-4882-8BAF-A8F17274E545}"
EndProject
Global
	GlobalSection(SolutionConfigurationPlatforms) = preSolution
		Debug|Any CPU = Debug|Any CPU
		Release|Any CPU = Release|Any CPU
	EndGlobalSection
	GlobalSection(ProjectConfigurationPlatforms) = postSolution
		{B6E3F91F-F800-4882-8BAF-A8F17274E545}.Debug|Any CPU.ActiveCfg = Debug|Any CPU
		{B6E3F91F-F800-4882-8BAF-A8F17274E545}.Debug|Any CPU.Build.0 = Debug|Any CPU
		{B6E3F91F-F800-4882-8BAF-A8F17274E545}.Release|Any CPU.ActiveCfg = Release|Any CPU
		{B6E3F91F-F800-4882-8BAF-A8F17274E545}.Release|Any CPU.Build.0 = Release|Any CPU
	EndGlobalSection
EndGlobal
