
Microsoft Visual Studio Solution File, Format Version 12.00
Project("{FAE04EC0-301F-11D3-BF4B-00C04F79EFBC}") = "Maui.iOS.FixKeyboardView", "Maui.iOS.FixKeyboardView\Maui.iOS.FixKeyboardView.csproj", "{D541B72B-33D7-47A5-AB1F-5DE7F8AE2D29}"
EndProject
Global
	GlobalSection(SolutionConfigurationPlatforms) = preSolution
		Debug|Any CPU = Debug|Any CPU
		Release|Any CPU = Release|Any CPU
	EndGlobalSection
	GlobalSection(ProjectConfigurationPlatforms) = postSolution
		{D541B72B-33D7-47A5-AB1F-5DE7F8AE2D29}.Debug|Any CPU.ActiveCfg = Debug|Any CPU
		{D541B72B-33D7-47A5-AB1F-5DE7F8AE2D29}.Debug|Any CPU.Build.0 = Debug|Any CPU
		{D541B72B-33D7-47A5-AB1F-5DE7F8AE2D29}.Release|Any CPU.ActiveCfg = Release|Any CPU
		{D541B72B-33D7-47A5-AB1F-5DE7F8AE2D29}.Release|Any CPU.Build.0 = Release|Any CPU
	EndGlobalSection
EndGlobal
